github.com/RulezKT/floatsfile v0.0.0-20250202191914-51af1fdd3adc h1:uP2Xwbevw15I/+cwALO9Xx2+XNyo0W0Q0bP5PcynXdM=
github.com/RulezKT/floatsfile v0.0.0-20250202191914-51af1fdd3adc/go.mod h1:C1zrzN2Fce6jmDyr+ruiOb18r0vVEDSrWqAZWRE/jow=
github.com/RulezKT/types v0.0.0-20250203232124-ede088ce99b5 h1:U+v2nRZCH7+V5N2xtI7S1GKT76nv8aYV8kQq3LKTboc=
github.com/RulezKT/types v0.0.0-20250203232124-ede088ce99b5/go.mod h1:L5YOrWfD/6sBkPiBFCw3WoXdxmXnAJC3+vu/3NXZX8c=
